
Microsoft Visual Studio Solution File, Format Version 12.00
# Visual Studio Version 17
VisualStudioVersion = 17.4.33205.214
MinimumVisualStudioVersion = 10.0.40219.1
Project("{FAE04EC0-301F-11D3-BF4B-00C04F79EFBC}") = "WhatIsParameter", "WhatIsParameter.csproj", "{201CE9DA-6E8D-45C7-9236-873A882D82B8}"
EndProject
Global
	GlobalSection(SolutionConfigurationPlatforms) = preSolution
		Debug|Any CPU = Debug|Any CPU
		Release|Any CPU = Release|Any CPU
	EndGlobalSection
	GlobalSection(ProjectConfigurationPlatforms) = postSolution
		{201CE9DA-6E8D-45C7-9236-873A882D82B8}.Debug|Any CPU.ActiveCfg = Debug|Any CPU
		{201CE9DA-6E8D-45C7-9236-873A882D82B8}.Debug|Any CPU.Build.0 = Debug|Any CPU
		{201CE9DA-6E8D-45C7-9236-873A882D82B8}.Release|Any CPU.ActiveCfg = Release|Any CPU
		{201CE9DA-6E8D-45C7-9236-873A882D82B8}.Release|Any CPU.Build.0 = Release|Any CPU
	EndGlobalSection
	GlobalSection(SolutionProperties) = preSolution
		HideSolutionNode = FALSE
	EndGlobalSection
	GlobalSection(ExtensibilityGlobals) = postSolution
		SolutionGuid = {74440382-B4A1-4B7E-94DF-1DF259DCF700}
	EndGlobalSection
EndGlobal
